
Microsoft Visual Studio Solution File, Format Version 12.00
# Visual Studio Version 17
VisualStudioVersion = 17.0.31919.166
MinimumVisualStudioVersion = 10.0.40219.1
Project("{FAE04EC0-301F-11D3-BF4B-00C04F79EFBC}") = "UV_Backend", "UV_Backend.csproj", "{AB37637E-6574-4529-A023-7ABD13D13451}"
EndProject
Global
	GlobalSection(SolutionConfigurationPlatforms) = preSolution
		Debug|Any CPU = Debug|Any CPU
		Release|Any CPU = Release|Any CPU
	EndGlobalSection
	GlobalSection(ProjectConfigurationPlatforms) = postSolution
		{AB37637E-6574-4529-A023-7ABD13D13451}.Debug|Any CPU.ActiveCfg = Debug|Any CPU
		{AB37637E-6574-4529-A023-7ABD13D13451}.Debug|Any CPU.Build.0 = Debug|Any CPU
		{AB37637E-6574-4529-A023-7ABD13D13451}.Release|Any CPU.ActiveCfg = Release|Any CPU
		{AB37637E-6574-4529-A023-7ABD13D13451}.Release|Any CPU.Build.0 = Release|Any CPU
	EndGlobalSection
	GlobalSection(SolutionProperties) = preSolution
		HideSolutionNode = FALSE
	EndGlobalSection
	GlobalSection(ExtensibilityGlobals) = postSolution
		SolutionGuid = {A988855F-1877-4196-9441-AA04A1D8396F}
	EndGlobalSection
EndGlobal
